{
  "name": "vtop",
  "version": "0.1.8",
  "lockfileVersion": 1,
  "requires": true,
  "dependencies": {
    "blessed": {
      "version": "0.0.33",
      "resolved": "https://registry.npmjs.org/blessed/-/blessed-0.0.33.tgz",
      "integrity": "sha1-2lg3slOZIaeutXrG/0jwOMi551A="
    },
    "commander": {
      "version": "2.2.0",
      "resolved": "https://registry.npmjs.org/commander/-/commander-2.2.0.tgz",
      "integrity": "sha1-F1rUuTF/P/YV8gHB5XIk9Vo+kd8="
    },
    "drawille": {
      "version": "0.0.3",
      "resolved": "https://registry.npmjs.org/drawille/-/drawille-0.0.3.tgz",
      "integrity": "sha1-GC3ak3SJEfJYPTe0I6GtBPMzf5E="
    },
    "mute-stream": {
      "version": "0.0.8",
      "resolved": "https://registry.npmjs.org/mute-stream/-/mute-stream-0.0.8.tgz",
      "integrity": "sha512-nnbWWOkoWyUsTjKrhgD0dcz22mdkSnpYqbEjIm2nhwhuxlSkpywJmBo8h0ZqJdkp73mb90SssHkN4rsRaBAfAA=="
    },
    "os-utils": {
      "version": "0.0.14",
      "resolved": "https://registry.npmjs.org/os-utils/-/os-utils-0.0.14.tgz",
      "integrity": "sha1-KeURaXsZgrjGJ3Ihdf45eX72QVY="
    },
    "read": {
      "version": "1.0.5",
      "resolved": "https://registry.npmjs.org/read/-/read-1.0.5.tgz",
      "integrity": "sha1-AHo9FpR4qnEKSRcn5FPv+5LnYgM=",
      "requires": {
        "mute-stream": "~0.0.4"
      }
    }
  }
}
